// !$*UTF8*$!
{
	archiveVersion = 1;
	classes = {
	};
	objectVersion = 46;
	objects = {

/* Begin PBXBuildFile section */
		283876EF1DD433FA0012185E /* EventTracker.framework in Frameworks */ = {isa = PBXBuildFile; fileRef = 283876E51DD433FA0012185E /* EventTracker.framework */; };
		283876F41DD433FA0012185E /* EventTrackerTests.swift in Sources */ = {isa = PBXBuildFile; fileRef = 283876F31DD433FA0012185E /* EventTrackerTests.swift */; };
		283876F61DD433FA0012185E /* EventTracker.h in Headers */ = {isa = PBXBuildFile; fileRef = 283876E81DD433FA0012185E /* EventTracker.h */; settings = {ATTRIBUTES = (Public, ); }; };
		283877031DD438E10012185E /* Event.swift in Sources */ = {isa = PBXBuildFile; fileRef = 283876FF1DD438E10012185E /* Event.swift */; };
		283877041DD438E10012185E /* EventTracker.swift in Sources */ = {isa = PBXBuildFile; fileRef = 283877001DD438E10012185E /* EventTracker.swift */; };
		283877051DD438E10012185E /* EventTrackerUploader.swift in Sources */ = {isa = PBXBuildFile; fileRef = 283877011DD438E10012185E /* EventTrackerUploader.swift */; };
		283877061DD438E10012185E /* EventStore.swift in Sources */ = {isa = PBXBuildFile; fileRef = 283877021DD438E10012185E /* EventStore.swift */; };
		283877091DD43A8C0012185E /* EventTrackerUploader.swift in Sources */ = {isa = PBXBuildFile; fileRef = 283877011DD438E10012185E /* EventTrackerUploader.swift */; };
		2838770A1DD43AA10012185E /* EventTracker.swift in Sources */ = {isa = PBXBuildFile; fileRef = 283877001DD438E10012185E /* EventTracker.swift */; };
		2838770B1DD43AA50012185E /* Event.swift in Sources */ = {isa = PBXBuildFile; fileRef = 283876FF1DD438E10012185E /* Event.swift */; };
		2838770C1DD43AA90012185E /* EventStore.swift in Sources */ = {isa = PBXBuildFile; fileRef = 283877021DD438E10012185E /* EventStore.swift */; };
		283877101DD4470D0012185E /* EventFlushPolicy.swift in Sources */ = {isa = PBXBuildFile; fileRef = 2838770F1DD4470D0012185E /* EventFlushPolicy.swift */; };
		283877111DD4470D0012185E /* EventFlushPolicy.swift in Sources */ = {isa = PBXBuildFile; fileRef = 2838770F1DD4470D0012185E /* EventFlushPolicy.swift */; };
		283877131DD6B53B0012185E /* TestEventLoggerUploader.swift in Sources */ = {isa = PBXBuildFile; fileRef = 283877121DD6B53B0012185E /* TestEventLoggerUploader.swift */; };
/* End PBXBuildFile section */

/* Begin PBXContainerItemProxy section */
		283876F01DD433FA0012185E /* PBXContainerItemProxy */ = {
			isa = PBXContainerItemProxy;
			containerPortal = 283876DC1DD433FA0012185E /* Project object */;
			proxyType = 1;
			remoteGlobalIDString = 283876E41DD433FA0012185E;
			remoteInfo = EventTracker;
		};
/* End PBXContainerItemProxy section */

/* Begin PBXFileReference section */
		283876E51DD433FA0012185E /* EventTracker.framework */ = {isa = PBXFileReference; explicitFileType = wrapper.framework; includeInIndex = 0; path = EventTracker.framework; sourceTree = BUILT_PRODUCTS_DIR; };
		283876E81DD433FA0012185E /* EventTracker.h */ = {isa = PBXFileReference; lastKnownFileType = sourcecode.c.h; path = EventTracker.h; sourceTree = "<group>"; };
		283876E91DD433FA0012185E /* Info.plist */ = {isa = PBXFileReference; lastKnownFileType = text.plist.xml; path = Info.plist; sourceTree = "<group>"; };
		283876EE1DD433FA0012185E /* EventTrackerTests.xctest */ = {isa = PBXFileReference; explicitFileType = wrapper.cfbundle; includeInIndex = 0; path = EventTrackerTests.xctest; sourceTree = BUILT_PRODUCTS_DIR; };
		283876F31DD433FA0012185E /* EventTrackerTests.swift */ = {isa = PBXFileReference; lastKnownFileType = sourcecode.swift; path = EventTrackerTests.swift; sourceTree = "<group>"; };
		283876F51DD433FA0012185E /* Info.plist */ = {isa = PBXFileReference; lastKnownFileType = text.plist.xml; path = Info.plist; sourceTree = "<group>"; };
		283876FF1DD438E10012185E /* Event.swift */ = {isa = PBXFileReference; fileEncoding = 4; lastKnownFileType = sourcecode.swift; path = Event.swift; sourceTree = "<group>"; };
		283877001DD438E10012185E /* EventTracker.swift */ = {isa = PBXFileReference; fileEncoding = 4; lastKnownFileType = sourcecode.swift; path = EventTracker.swift; sourceTree = "<group>"; };
		283877011DD438E10012185E /* EventTrackerUploader.swift */ = {isa = PBXFileReference; fileEncoding = 4; lastKnownFileType = sourcecode.swift; path = EventTrackerUploader.swift; sourceTree = "<group>"; };
		283877021DD438E10012185E /* EventStore.swift */ = {isa = PBXFileReference; fileEncoding = 4; lastKnownFileType = sourcecode.swift; path = EventStore.swift; sourceTree = "<group>"; };
		2838770F1DD4470D0012185E /* EventFlushPolicy.swift */ = {isa = PBXFileReference; fileEncoding = 4; lastKnownFileType = sourcecode.swift; path = EventFlushPolicy.swift; sourceTree = "<group>"; };
		283877121DD6B53B0012185E /* TestEventLoggerUploader.swift */ = {isa = PBXFileReference; fileEncoding = 4; lastKnownFileType = sourcecode.swift; path = TestEventLoggerUploader.swift; sourceTree = "<group>"; };
/* End PBXFileReference section */

/* Begin PBXFrameworksBuildPhase section */
		283876E11DD433FA0012185E /* Frameworks */ = {
			isa = PBXFrameworksBuildPhase;
			buildActionMask = 2147483647;
			files = (
			);
			runOnlyForDeploymentPostprocessing = 0;
		};
		283876EB1DD433FA0012185E /* Frameworks */ = {
			isa = PBXFrameworksBuildPhase;
			buildActionMask = 2147483647;
			files = (
				283876EF1DD433FA0012185E /* EventTracker.framework in Frameworks */,
			);
			runOnlyForDeploymentPostprocessing = 0;
		};
/* End PBXFrameworksBuildPhase section */

/* Begin PBXGroup section */
		283876DB1DD433FA0012185E = {
			isa = PBXGroup;
			children = (
				283876E71DD433FA0012185E /* EventTracker */,
				283876F21DD433FA0012185E /* EventTrackerTests */,
				283876E61DD433FA0012185E /* Products */,
			);
			sourceTree = "<group>";
		};
		283876E61DD433FA0012185E /* Products */ = {
			isa = PBXGroup;
			children = (
				283876E51DD433FA0012185E /* EventTracker.framework */,
				283876EE1DD433FA0012185E /* EventTrackerTests.xctest */,
			);
			name = Products;
			sourceTree = "<group>";
		};
		283876E71DD433FA0012185E /* EventTracker */ = {
			isa = PBXGroup;
			children = (
				283876E81DD433FA0012185E /* EventTracker.h */,
				283876FF1DD438E10012185E /* Event.swift */,
				283877001DD438E10012185E /* EventTracker.swift */,
				283877011DD438E10012185E /* EventTrackerUploader.swift */,
				283877021DD438E10012185E /* EventStore.swift */,
				2838770F1DD4470D0012185E /* EventFlushPolicy.swift */,
				283876E91DD433FA0012185E /* Info.plist */,
			);
			path = EventTracker;
			sourceTree = "<group>";
		};
		283876F21DD433FA0012185E /* EventTrackerTests */ = {
			isa = PBXGroup;
			children = (
				283876F31DD433FA0012185E /* EventTrackerTests.swift */,
				283877121DD6B53B0012185E /* TestEventLoggerUploader.swift */,
				283876F51DD433FA0012185E /* Info.plist */,
			);
			path = EventTrackerTests;
			sourceTree = "<group>";
		};
/* End PBXGroup section */

/* Begin PBXHeadersBuildPhase section */
		283876E21DD433FA0012185E /* Headers */ = {
			isa = PBXHeadersBuildPhase;
			buildActionMask = 2147483647;
			files = (
				283876F61DD433FA0012185E /* EventTracker.h in Headers */,
			);
			runOnlyForDeploymentPostprocessing = 0;
		};
/* End PBXHeadersBuildPhase section */

/* Begin PBXNativeTarget section */
		283876E41DD433FA0012185E /* EventTracker */ = {
			isa = PBXNativeTarget;
			buildConfigurationList = 283876F91DD433FA0012185E /* Build configuration list for PBXNativeTarget "EventTracker" */;
			buildPhases = (
				283876E01DD433FA0012185E /* Sources */,
				283876E11DD433FA0012185E /* Frameworks */,
				283876E21DD433FA0012185E /* Headers */,
				283876E31DD433FA0012185E /* Resources */,
			);
			buildRules = (
			);
			dependencies = (
			);
			name = EventTracker;
			productName = EventTracker;
			productReference = 283876E51DD433FA0012185E /* EventTracker.framework */;
			productType = "com.apple.product-type.framework";
		};
		283876ED1DD433FA0012185E /* EventTrackerTests */ = {
			isa = PBXNativeTarget;
			buildConfigurationList = 283876FC1DD433FA0012185E /* Build configuration list for PBXNativeTarget "EventTrackerTests" */;
			buildPhases = (
				283876EA1DD433FA0012185E /* Sources */,
				283876EB1DD433FA0012185E /* Frameworks */,
				283876EC1DD433FA0012185E /* Resources */,
			);
			buildRules = (
			);
			dependencies = (
				283876F11DD433FA0012185E /* PBXTargetDependency */,
			);
			name = EventTrackerTests;
			productName = EventTrackerTests;
			productReference = 283876EE1DD433FA0012185E /* EventTrackerTests.xctest */;
			productType = "com.apple.product-type.bundle.unit-test";
		};
/* End PBXNativeTarget section */

/* Begin PBXProject section */
		283876DC1DD433FA0012185E /* Project object */ = {
			isa = PBXProject;
			attributes = {
				LastSwiftUpdateCheck = 0810;
				LastUpgradeCheck = 0810;
				ORGANIZATIONNAME = because;
				TargetAttributes = {
					283876E41DD433FA0012185E = {
						CreatedOnToolsVersion = 8.1;
						DevelopmentTeam = LLR7SH732M;
						LastSwiftMigration = 0810;
						ProvisioningStyle = Automatic;
					};
					283876ED1DD433FA0012185E = {
						CreatedOnToolsVersion = 8.1;
						DevelopmentTeam = LLR7SH732M;
						ProvisioningStyle = Automatic;
					};
				};
			};
			buildConfigurationList = 283876DF1DD433FA0012185E /* Build configuration list for PBXProject "EventTracker" */;
			compatibilityVersion = "Xcode 3.2";
			developmentRegion = English;
			hasScannedForEncodings = 0;
			knownRegions = (
				en,
			);
			mainGroup = 283876DB1DD433FA0012185E;
			productRefGroup = 283876E61DD433FA0012185E /* Products */;
			projectDirPath = "";
			projectRoot = "";
			targets = (
				283876E41DD433FA0012185E /* EventTracker */,
				283876ED1DD433FA0012185E /* EventTrackerTests */,
			);
		};
/* End PBXProject section */

/* Begin PBXResourcesBuildPhase section */
		283876E31DD433FA0012185E /* Resources */ = {
			isa = PBXResourcesBuildPhase;
			buildActionMask = 2147483647;
			files = (
			);
			runOnlyForDeploymentPostprocessing = 0;
		};
		283876EC1DD433FA0012185E /* Resources */ = {
			isa = PBXResourcesBuildPhase;
			buildActionMask = 2147483647;
			files = (
			);
			runOnlyForDeploymentPostprocessing = 0;
		};
/* End PBXResourcesBuildPhase section */

/* Begin PBXSourcesBuildPhase section */
		283876E01DD433FA0012185E /* Sources */ = {
			isa = PBXSourcesBuildPhase;
			buildActionMask = 2147483647;
			files = (
				283877101DD4470D0012185E /* EventFlushPolicy.swift in Sources */,
				283877041DD438E10012185E /* EventTracker.swift in Sources */,
				283877031DD438E10012185E /* Event.swift in Sources */,
				283877061DD438E10012185E /* EventStore.swift in Sources */,
				283877051DD438E10012185E /* EventTrackerUploader.swift in Sources */,
			);
			runOnlyForDeploymentPostprocessing = 0;
		};
		283876EA1DD433FA0012185E /* Sources */ = {
			isa = PBXSourcesBuildPhase;
			buildActionMask = 2147483647;
			files = (
				283877131DD6B53B0012185E /* TestEventLoggerUploader.swift in Sources */,
				283876F41DD433FA0012185E /* EventTrackerTests.swift in Sources */,
				2838770C1DD43AA90012185E /* EventStore.swift in Sources */,
				2838770A1DD43AA10012185E /* EventTracker.swift in Sources */,
				283877111DD4470D0012185E /* EventFlushPolicy.swift in Sources */,
				283877091DD43A8C0012185E /* EventTrackerUploader.swift in Sources */,
				2838770B1DD43AA50012185E /* Event.swift in Sources */,
			);
			runOnlyForDeploymentPostprocessing = 0;
		};
/* End PBXSourcesBuildPhase section */

/* Begin PBXTargetDependency section */
		283876F11DD433FA0012185E /* PBXTargetDependency */ = {
			isa = PBXTargetDependency;
			target = 283876E41DD433FA0012185E /* EventTracker */;
			targetProxy = 283876F01DD433FA0012185E /* PBXContainerItemProxy */;
		};
/* End PBXTargetDependency section */

/* Begin XCBuildConfiguration section */
		283876F71DD433FA0012185E /* Debug */ = {
			isa = XCBuildConfiguration;
			buildSettings = {
				ALWAYS_SEARCH_USER_PATHS = NO;
				CLANG_ANALYZER_NONNULL = YES;
				CLANG_CXX_LANGUAGE_STANDARD = "gnu++0x";
				CLANG_CXX_LIBRARY = "libc++";
				CLANG_ENABLE_MODULES = YES;
				CLANG_ENABLE_OBJC_ARC = YES;
				CLANG_WARN_BOOL_CONVERSION = YES;
				CLANG_WARN_CONSTANT_CONVERSION = YES;
				CLANG_WARN_DIRECT_OBJC_ISA_USAGE = YES_ERROR;
				CLANG_WARN_DOCUMENTATION_COMMENTS = YES;
				CLANG_WARN_EMPTY_BODY = YES;
				CLANG_WARN_ENUM_CONVERSION = YES;
				CLANG_WARN_INFINITE_RECURSION = YES;
				CLANG_WARN_INT_CONVERSION = YES;
				CLANG_WARN_OBJC_ROOT_CLASS = YES_ERROR;
				CLANG_WARN_SUSPICIOUS_MOVES = YES;
				CLANG_WARN_UNREACHABLE_CODE = YES;
				CLANG_WARN__DUPLICATE_METHOD_MATCH = YES;
				"CODE_SIGN_IDENTITY[sdk=iphoneos*]" = "iPhone Developer";
				COPY_PHASE_STRIP = NO;
				CURRENT_PROJECT_VERSION = 1;
				DEBUG_INFORMATION_FORMAT = dwarf;
				ENABLE_STRICT_OBJC_MSGSEND = YES;
				ENABLE_TESTABILITY = YES;
				GCC_C_LANGUAGE_STANDARD = gnu99;
				GCC_DYNAMIC_NO_PIC = NO;
				GCC_NO_COMMON_BLOCKS = YES;
				GCC_OPTIMIZATION_LEVEL = 0;
				GCC_PREPROCESSOR_DEFINITIONS = (
					"DEBUG=1",
					"$(inherited)",
				);
				GCC_WARN_64_TO_32_BIT_CONVERSION = YES;
				GCC_WARN_ABOUT_RETURN_TYPE = YES_ERROR;
				GCC_WARN_UNDECLARED_SELECTOR = YES;
				GCC_WARN_UNINITIALIZED_AUTOS = YES_AGGRESSIVE;
				GCC_WARN_UNUSED_FUNCTION = YES;
				GCC_WARN_UNUSED_VARIABLE = YES;
				IPHONEOS_DEPLOYMENT_TARGET = 10.1;
				MTL_ENABLE_DEBUG_INFO = YES;
				ONLY_ACTIVE_ARCH = YES;
				SDKROOT = iphoneos;
				SWIFT_ACTIVE_COMPILATION_CONDITIONS = DEBUG;
				SWIFT_OPTIMIZATION_LEVEL = "-Onone";
				TARGETED_DEVICE_FAMILY = "1,2";
				VERSIONING_SYSTEM = "apple-generic";
				VERSION_INFO_PREFIX = "";
			};
			name = Debug;
		};
		283876F81DD433FA0012185E /* Release */ = {
			isa = XCBuildConfiguration;
			buildSettings = {
				ALWAYS_SEARCH_USER_PATHS = NO;
				CLANG_ANALYZER_NONNULL = YES;
				CLANG_CXX_LANGUAGE_STANDARD = "gnu++0x";
				CLANG_CXX_LIBRARY = "libc++";
				CLANG_ENABLE_MODULES = YES;
				CLANG_ENABLE_OBJC_ARC = YES;
				CLANG_WARN_BOOL_CONVERSION = YES;
				CLANG_WARN_CONSTANT_CONVERSION = YES;
				CLANG_WARN_DIRECT_OBJC_ISA_USAGE = YES_ERROR;
				CLANG_WARN_DOCUMENTATION_COMMENTS = YES;
				CLANG_WARN_EMPTY_BODY = YES;
				CLANG_WARN_ENUM_CONVERSION = YES;
				CLANG_WARN_INFINITE_RECURSION = YES;
				CLANG_WARN_INT_CONVERSION = YES;
				CLANG_WARN_OBJC_ROOT_CLASS = YES_ERROR;
				CLANG_WARN_SUSPICIOUS_MOVES = YES;
				CLANG_WARN_UNREACHABLE_CODE = YES;
				CLANG_WARN__DUPLICATE_METHOD_MATCH = YES;
				"CODE_SIGN_IDENTITY[sdk=iphoneos*]" = "iPhone Developer";
				COPY_PHASE_STRIP = NO;
				CURRENT_PROJECT_VERSION = 1;
				DEBUG_INFORMATION_FORMAT = "dwarf-with-dsym";
				ENABLE_NS_ASSERTIONS = NO;
				ENABLE_STRICT_OBJC_MSGSEND = YES;
				GCC_C_LANGUAGE_STANDARD = gnu99;
				GCC_NO_COMMON_BLOCKS = YES;
				GCC_WARN_64_TO_32_BIT_CONVERSION = YES;
				GCC_WARN_ABOUT_RETURN_TYPE = YES_ERROR;
				GCC_WARN_UNDECLARED_SELECTOR = YES;
				GCC_WARN_UNINITIALIZED_AUTOS = YES_AGGRESSIVE;
				GCC_WARN_UNUSED_FUNCTION = YES;
				GCC_WARN_UNUSED_VARIABLE = YES;
				IPHONEOS_DEPLOYMENT_TARGET = 10.1;
				MTL_ENABLE_DEBUG_INFO = NO;
				SDKROOT = iphoneos;
				SWIFT_OPTIMIZATION_LEVEL = "-Owholemodule";
				TARGETED_DEVICE_FAMILY = "1,2";
				VALIDATE_PRODUCT = YES;
				VERSIONING_SYSTEM = "apple-generic";
				VERSION_INFO_PREFIX = "";
			};
			name = Release;
		};
		283876FA1DD433FA0012185E /* Debug */ = {
			isa = XCBuildConfiguration;
			buildSettings = {
				CLANG_ENABLE_MODULES = YES;
				CODE_SIGN_IDENTITY = "";
				DEFINES_MODULE = YES;
				DEVELOPMENT_TEAM = LLR7SH732M;
				DYLIB_COMPATIBILITY_VERSION = 1;
				DYLIB_CURRENT_VERSION = 1;
				DYLIB_INSTALL_NAME_BASE = "@rpath";
				INFOPLIST_FILE = EventTracker/Info.plist;
				INSTALL_PATH = "$(LOCAL_LIBRARY_DIR)/Frameworks";
				LD_RUNPATH_SEARCH_PATHS = "$(inherited) @executable_path/Frameworks @loader_path/Frameworks";
				PRODUCT_BUNDLE_IDENTIFIER = com.because.EventTracker;
				PRODUCT_NAME = "$(TARGET_NAME)";
				SKIP_INSTALL = YES;
				SWIFT_OPTIMIZATION_LEVEL = "-Onone";
				SWIFT_VERSION = 3.0;
			};
			name = Debug;
		};
		283876FB1DD433FA0012185E /* Release */ = {
			isa = XCBuildConfiguration;
			buildSettings = {
				CLANG_ENABLE_MODULES = YES;
				CODE_SIGN_IDENTITY = "";
				DEFINES_MODULE = YES;
				DEVELOPMENT_TEAM = LLR7SH732M;
				DYLIB_COMPATIBILITY_VERSION = 1;
				DYLIB_CURRENT_VERSION = 1;
				DYLIB_INSTALL_NAME_BASE = "@rpath";
				INFOPLIST_FILE = EventTracker/Info.plist;
				INSTALL_PATH = "$(LOCAL_LIBRARY_DIR)/Frameworks";
				LD_RUNPATH_SEARCH_PATHS = "$(inherited) @executable_path/Frameworks @loader_path/Frameworks";
				PRODUCT_BUNDLE_IDENTIFIER = com.because.EventTracker;
				PRODUCT_NAME = "$(TARGET_NAME)";
				SKIP_INSTALL = YES;
				SWIFT_VERSION = 3.0;
			};
			name = Release;
		};
		283876FD1DD433FA0012185E /* Debug */ = {
			isa = XCBuildConfiguration;
			buildSettings = {
				ALWAYS_EMBED_SWIFT_STANDARD_LIBRARIES = YES;
				DEVELOPMENT_TEAM = LLR7SH732M;
				INFOPLIST_FILE = EventTrackerTests/Info.plist;
				LD_RUNPATH_SEARCH_PATHS = "$(inherited) @executable_path/Frameworks @loader_path/Frameworks";
				PRODUCT_BUNDLE_IDENTIFIER = com.because.EventTrackerTests;
				PRODUCT_NAME = "$(TARGET_NAME)";
				SWIFT_VERSION = 3.0;
			};
			name = Debug;
		};
		283876FE1DD433FA0012185E /* Release */ = {
			isa = XCBuildConfiguration;
			buildSettings = {
				ALWAYS_EMBED_SWIFT_STANDARD_LIBRARIES = YES;
				DEVELOPMENT_TEAM = LLR7SH732M;
				INFOPLIST_FILE = EventTrackerTests/Info.plist;
				LD_RUNPATH_SEARCH_PATHS = "$(inherited) @executable_path/Frameworks @loader_path/Frameworks";
				PRODUCT_BUNDLE_IDENTIFIER = com.because.EventTrackerTests;
				PRODUCT_NAME = "$(TARGET_NAME)";
				SWIFT_VERSION = 3.0;
			};
			name = Release;
		};
/* End XCBuildConfiguration section */

/* Begin XCConfigurationList section */
		283876DF1DD433FA0012185E /* Build configuration list for PBXProject "EventTracker" */ = {
			isa = XCConfigurationList;
			buildConfigurations = (
				283876F71DD433FA0012185E /* Debug */,
				283876F81DD433FA0012185E /* Release */,
			);
			defaultConfigurationIsVisible = 0;
			defaultConfigurationName = Release;
		};
		283876F91DD433FA0012185E /* Build configuration list for PBXNativeTarget "EventTracker" */ = {
			isa = XCConfigurationList;
			buildConfigurations = (
				283876FA1DD433FA0012185E /* Debug */,
				283876FB1DD433FA0012185E /* Release */,
			);
			defaultConfigurationIsVisible = 0;
			defaultConfigurationName = Release;
		};
		283876FC1DD433FA0012185E /* Build configuration list for PBXNativeTarget "EventTrackerTests" */ = {
			isa = XCConfigurationList;
			buildConfigurations = (
				283876FD1DD433FA0012185E /* Debug */,
				283876FE1DD433FA0012185E /* Release */,
			);
			defaultConfigurationIsVisible = 0;
			defaultConfigurationName = Release;
		};
/* End XCConfigurationList section */
	};
	rootObject = 283876DC1DD433FA0012185E /* Project object */;
}
